
Microsoft Visual Studio Solution File, Format Version 12.00
# Visual Studio Version 17
VisualStudioVersion = 17.10.34916.146
MinimumVisualStudioVersion = 10.0.40219.1
Project("{FAE04EC0-301F-11D3-BF4B-00C04F79EFBC}") = "HabitTracker", "HabitTracker\HabitTracker.csproj", "{67AD345C-9FD6-4802-A98A-BF655A5F8A57}"
EndProject
Global
	GlobalSection(SolutionConfigurationPlatforms) = preSolution
		Debug|Any CPU = Debug|Any CPU
		Release|Any CPU = Release|Any CPU
	EndGlobalSection
	GlobalSection(ProjectConfigurationPlatforms) = postSolution
		{67AD345C-9FD6-4802-A98A-BF655A5F8A57}.Debug|Any CPU.ActiveCfg = Debug|Any CPU
		{67AD345C-9FD6-4802-A98A-BF655A5F8A57}.Debug|Any CPU.Build.0 = Debug|Any CPU
		{67AD345C-9FD6-4802-A98A-BF655A5F8A57}.Release|Any CPU.ActiveCfg = Release|Any CPU
		{67AD345C-9FD6-4802-A98A-BF655A5F8A57}.Release|Any CPU.Build.0 = Release|Any CPU
	EndGlobalSection
	GlobalSection(SolutionProperties) = preSolution
		HideSolutionNode = FALSE
	EndGlobalSection
	GlobalSection(ExtensibilityGlobals) = postSolution
		SolutionGuid = {8F11C682-01F4-44D3-819B-3230CC1EEC10}
	EndGlobalSection
EndGlobal
